
Microsoft Visual Studio Solution File, Format Version 12.00
# Visual Studio Version 17
VisualStudioVersion = 17.10.34928.147
MinimumVisualStudioVersion = 10.0.40219.1
Project("{9A19103F-16F7-4668-BE54-9A1E7A4F7556}") = "TPortalClient", "TPortalClient.csproj", "{B3E5DA61-DE90-44E5-9296-C28C3B8F4DA0}"
EndProject
Project("{9A19103F-16F7-4668-BE54-9A1E7A4F7556}") = "BloombergRest", "..\BloombergRest\BloombergRest.csproj", "{D494921B-AD72-4A52-B71A-FC42AF1A6639}"
EndProject
Project("{9A19103F-16F7-4668-BE54-9A1E7A4F7556}") = "IBloombergRest", "..\IBloombergRest\IBloombergRest.csproj", "{E53D2D60-152A-447F-8EFE-4C9CA61F42FF}"
EndProject
Global
	GlobalSection(SolutionConfigurationPlatforms) = preSolution
		Debug|Any CPU = Debug|Any CPU
		Release|Any CPU = Release|Any CPU
	EndGlobalSection
	GlobalSection(ProjectConfigurationPlatforms) = postSolution
		{B3E5DA61-DE90-44E5-9296-C28C3B8F4DA0}.Debug|Any CPU.ActiveCfg = Debug|Any CPU
		{B3E5DA61-DE90-44E5-9296-C28C3B8F4DA0}.Debug|Any CPU.Build.0 = Debug|Any CPU
		{B3E5DA61-DE90-44E5-9296-C28C3B8F4DA0}.Release|Any CPU.ActiveCfg = Release|Any CPU
		{B3E5DA61-DE90-44E5-9296-C28C3B8F4DA0}.Release|Any CPU.Build.0 = Release|Any CPU
		{D494921B-AD72-4A52-B71A-FC42AF1A6639}.Debug|Any CPU.ActiveCfg = Debug|Any CPU
		{D494921B-AD72-4A52-B71A-FC42AF1A6639}.Debug|Any CPU.Build.0 = Debug|Any CPU
		{D494921B-AD72-4A52-B71A-FC42AF1A6639}.Release|Any CPU.ActiveCfg = Release|Any CPU
		{D494921B-AD72-4A52-B71A-FC42AF1A6639}.Release|Any CPU.Build.0 = Release|Any CPU
		{E53D2D60-152A-447F-8EFE-4C9CA61F42FF}.Debug|Any CPU.ActiveCfg = Debug|Any CPU
		{E53D2D60-152A-447F-8EFE-4C9CA61F42FF}.Debug|Any CPU.Build.0 = Debug|Any CPU
		{E53D2D60-152A-447F-8EFE-4C9CA61F42FF}.Release|Any CPU.ActiveCfg = Release|Any CPU
		{E53D2D60-152A-447F-8EFE-4C9CA61F42FF}.Release|Any CPU.Build.0 = Release|Any CPU
	EndGlobalSection
	GlobalSection(SolutionProperties) = preSolution
		HideSolutionNode = FALSE
	EndGlobalSection
	GlobalSection(ExtensibilityGlobals) = postSolution
		SolutionGuid = {57B988DF-57C1-4B0A-ADD7-0D51630CDEC1}
	EndGlobalSection
EndGlobal
